# This file is automatically @generated by Cargo.
# It is not intended for manual editing.
version = 4

[[package]]
name = "carmy"
version = "0.1.0"

[[package]]
name = "carmy-core"
version = "0.1.0"

[[package]]
name = "carmy-http"
version = "0.1.0"

[[package]]
name = "carmy-macros"
version = "0.1.0"

[[package]]
name = "carmy-mcp"
version = "0.1.0"

[[package]]
name = "carmy-observability"
version = "0.1.0"

[[package]]
name = "carmy-runtime"
version = "0.1.0"

[[package]]
name = "carmy-schema"
version = "0.1.0"

[[package]]
name = "hello-agent"
version = "0.1.0"

[[package]]
name = "tool-server"
version = "0.1.0"
